
Microsoft Visual Studio Solution File, Format Version 12.00
# Visual Studio Version 16
VisualStudioVersion = 16.0.29411.108
MinimumVisualStudioVersion = 10.0.40219.1
Project("{9A19103F-16F7-4668-BE54-9A1E7A4F7556}") = "Spacebound", "Spacebound\Spacebound.csproj", "{0323D595-DADF-4A44-A748-F9B440E1A81A}"
EndProject
Project("{FAE04EC0-301F-11D3-BF4B-00C04F79EFBC}") = "Spacebound.Test", "Spacebound.Test\Spacebound.Test.csproj", "{055705A9-12AE-4405-82AA-B43B703C1FA4}"
EndProject
Project("{FAE04EC0-301F-11D3-BF4B-00C04F79EFBC}") = "WPFSpacebound", "WPFSpacebound\WPFSpacebound.csproj", "{B2445AA3-AD21-4F40-B195-E66FA6C00AF5}"
EndProject
Global
	GlobalSection(SolutionConfigurationPlatforms) = preSolution
		Debug|Any CPU = Debug|Any CPU
		Release|Any CPU = Release|Any CPU
	EndGlobalSection
	GlobalSection(ProjectConfigurationPlatforms) = postSolution
		{0323D595-DADF-4A44-A748-F9B440E1A81A}.Debug|Any CPU.ActiveCfg = Debug|Any CPU
		{0323D595-DADF-4A44-A748-F9B440E1A81A}.Debug|Any CPU.Build.0 = Debug|Any CPU
		{0323D595-DADF-4A44-A748-F9B440E1A81A}.Release|Any CPU.ActiveCfg = Release|Any CPU
		{0323D595-DADF-4A44-A748-F9B440E1A81A}.Release|Any CPU.Build.0 = Release|Any CPU
		{055705A9-12AE-4405-82AA-B43B703C1FA4}.Debug|Any CPU.ActiveCfg = Debug|Any CPU
		{055705A9-12AE-4405-82AA-B43B703C1FA4}.Debug|Any CPU.Build.0 = Debug|Any CPU
		{055705A9-12AE-4405-82AA-B43B703C1FA4}.Release|Any CPU.ActiveCfg = Release|Any CPU
		{055705A9-12AE-4405-82AA-B43B703C1FA4}.Release|Any CPU.Build.0 = Release|Any CPU
		{B2445AA3-AD21-4F40-B195-E66FA6C00AF5}.Debug|Any CPU.ActiveCfg = Debug|Any CPU
		{B2445AA3-AD21-4F40-B195-E66FA6C00AF5}.Debug|Any CPU.Build.0 = Debug|Any CPU
		{B2445AA3-AD21-4F40-B195-E66FA6C00AF5}.Release|Any CPU.ActiveCfg = Release|Any CPU
		{B2445AA3-AD21-4F40-B195-E66FA6C00AF5}.Release|Any CPU.Build.0 = Release|Any CPU
	EndGlobalSection
	GlobalSection(SolutionProperties) = preSolution
		HideSolutionNode = FALSE
	EndGlobalSection
	GlobalSection(ExtensibilityGlobals) = postSolution
		SolutionGuid = {88C43DDE-5EB3-4E64-8090-65932A8E8D50}
	EndGlobalSection
EndGlobal
